
Microsoft Visual Studio Solution File, Format Version 12.00
# Visual Studio 15
VisualStudioVersion = 15.0.28307.572
MinimumVisualStudioVersion = 10.0.40219.1
Project("{FAE04EC0-301F-11D3-BF4B-00C04F79EFBC}") = "SaveLoad", "SaveLoad\SaveLoad.csproj", "{909B6A56-AA00-420E-9F64-D9C74F09F0AD}"
EndProject
Global
	GlobalSection(SolutionConfigurationPlatforms) = preSolution
		Debug|Any CPU = Debug|Any CPU
		Release|Any CPU = Release|Any CPU
	EndGlobalSection
	GlobalSection(ProjectConfigurationPlatforms) = postSolution
		{909B6A56-AA00-420E-9F64-D9C74F09F0AD}.Debug|Any CPU.ActiveCfg = Debug|Any CPU
		{909B6A56-AA00-420E-9F64-D9C74F09F0AD}.Debug|Any CPU.Build.0 = Debug|Any CPU
		{909B6A56-AA00-420E-9F64-D9C74F09F0AD}.Release|Any CPU.ActiveCfg = Release|Any CPU
		{909B6A56-AA00-420E-9F64-D9C74F09F0AD}.Release|Any CPU.Build.0 = Release|Any CPU
	EndGlobalSection
	GlobalSection(SolutionProperties) = preSolution
		HideSolutionNode = FALSE
	EndGlobalSection
	GlobalSection(ExtensibilityGlobals) = postSolution
		SolutionGuid = {19F39937-A23F-45CB-A8F8-312DA3994AAA}
	EndGlobalSection
EndGlobal
